GEM
  remote: https://rubygems.org/
  specs:
    base64 (0.3.0)
    bcrypt (3.1.22)
    bigdecimal (4.1.3)
    diff-lcs (1.6.2)
    dotenv (2.8.1)
    jwt (2.10.3)
      base64
    logger (1.7.0)
    multi_json (1.21.2)
    mustermann (3.1.1)
    nio4r (2.7.5)
    pg (1.7.0)
    pg (1.7.0-aarch64-linux)
    pg (1.7.0-aarch64-linux-musl)
    pg (1.7.0-arm64-darwin)
    pg (1.7.0-x86_64-darwin)
    pg (1.7.0-x86_64-linux)
    pg (1.7.0-x86_64-linux-musl)
    puma (6.6.1)
      nio4r (~> 2.0)
    rack (3.2.7)
    rack-protection (4.2.1)
      base64 (>= 0.1.0)
      logger (>= 1.6.0)
      rack (>= 3.0.0, < 4)
    rack-session (2.1.2)
      base64 (>= 0.1.0)
      rack (>= 3.0.0)
    rack-test (2.2.0)
      rack (>= 1.3)
    rackup (2.3.1)
      rack (>= 3)
    rake (13.4.2)
    rspec (3.13.2)
      rspec-core (~> 3.13.0)
      rspec-expectations (~> 3.13.0)
      rspec-mocks (~> 3.13.0)
    rspec-core (3.13.6)
      rspec-support (~> 3.13.0)
    rspec-expectations (3.13.5)
      diff-lcs (>= 1.2.0, < 2.0)
      rspec-support (~> 3.13.0)
    rspec-mocks (3.13.8)
      diff-lcs (>= 1.2.0, < 2.0)
      rspec-support (~> 3.13.0)
    rspec-support (3.13.7)
    sequel (5.109.0)
      bigdecimal
    sinatra (4.2.1)
      logger (>= 1.6.0)
      mustermann (~> 3.0)
      rack (>= 3.0.0, < 4)
      rack-protection (= 4.2.1)
      rack-session (>= 2.0.0, < 3)
      tilt (~> 2.0)
    sinatra-contrib (4.2.1)
      multi_json (>= 0.0.2)
      mustermann (~> 3.0)
      rack-protection (= 4.2.1)
      sinatra (= 4.2.1)
      tilt (~> 2.0)
    tilt (2.9.0)

PLATFORMS
  aarch64-linux
  aarch64-linux-musl
  arm64-darwin
  ruby
  x86_64-darwin
  x86_64-linux
  x86_64-linux-musl

DEPENDENCIES
  bcrypt (~> 3.1)
  dotenv (~> 2.8)
  jwt (~> 2.7)
  pg (~> 1.5)
  puma (~> 6.0)
  rack-test (~> 2.1)
  rackup (~> 2.0)
  rake (~> 13.0)
  rspec (~> 3.12)
  sequel (~> 5.0)
  sinatra (~> 4.0)
  sinatra-contrib (~> 4.0)

CHECKSUMS
  base64 (0.3.0) sha256=27337aeabad6ffae05c265c450490628ef3ebd4b67be58257393227588f5a97b
  bcrypt (3.1.22) sha256=1f0072e88c2d705d94aff7f2c5cb02eb3f1ec4b8368671e19112527489f29032
  bigdecimal (4.1.3) sha256=61ebe1e5e559bdc3cc6f2c0ee7f427321fc838f59611c294356eb04d6e21cf66
  diff-lcs (1.6.2) sha256=9ae0d2cba7d4df3075fe8cd8602a8604993efc0dfa934cff568969efb1909962
  dotenv (2.8.1) sha256=c5944793349ae03c432e1780a2ca929d60b88c7d14d52d630db0508c3a8a17d8
  jwt (2.10.3) sha256=e4d9352fbc7309b1a7448c7dd713dfe4d8c47077af80759cdbed8f878ea0b484
  logger (1.7.0) sha256=196edec7cc44b66cfb40f9755ce11b392f21f7967696af15d274dde7edff0203
  multi_json (1.21.2) sha256=245531eaf54bdba57aba515ff08b4503505c5e09911daa89c5a561e2f85bea8e
  mustermann (3.1.1) sha256=4c6170c7234d5499c345562ba7c7dfe73e1754286dcc1abb053064d66a127198
  nio4r (2.7.5) sha256=6c90168e48fb5f8e768419c93abb94ba2b892a1d0602cb06eef16d8b7df1dca1
  pg (1.7.0) sha256=f7b536501284e883d4c9ef86dbde0313063e4aaafc23575b0017b0d572a26afb
  pg (1.7.0-aarch64-linux) sha256=101dd3a261000eb64b03ff41a5890674b735b626dbdce88652969b59fb0b1157
  pg (1.7.0-aarch64-linux-musl) sha256=5ca4d4619a1a39fb22de47350130956ece69cf0512858ee68dca926e46f65e4a
  pg (1.7.0-arm64-darwin) sha256=9fa895bbe28bdd579b83ccc80464c01d1015ea7549a7919134c9f8f10c060e4b
  pg (1.7.0-x86_64-darwin) sha256=7b726ba6eab8b143fb803d3b4173b0a3e4b0b032025032212f90d436785022db
  pg (1.7.0-x86_64-linux) sha256=d0a24f448b3c874c8b2658d4efbbbefce7315c228ede84f6f6f42089d1d704b6
  pg (1.7.0-x86_64-linux-musl) sha256=0c9bc93b6e0aca2a5b07daef00b7ec4f9882bfe21ef3872b4371f8ecffe1f1e1
  puma (6.6.1) sha256=b9b56e4a4ea75d1bfa6d9e1972ee2c9f43d0883f011826d914e8e37b3694ea1e
  rack (3.2.7) sha256=93e13e1c24f93556671d85d2d79fa228c3485815c50d7e2f265b5330c6528fb7
  rack-protection (4.2.1) sha256=cf6e2842df8c55f5e4d1a4be015e603e19e9bc3a7178bae58949ccbb58558bac
  rack-session (2.1.2) sha256=595434f8c0c3473ae7d7ac56ecda6cc6dfd9d37c0b2b5255330aa1576967ffe8
  rack-test (2.2.0) sha256=005a36692c306ac0b4a9350355ee080fd09ddef1148a5f8b2ac636c720f5c463
  rackup (2.3.1) sha256=6c79c26753778e90983761d677a48937ee3192b3ffef6bc963c0950f94688868
  rake (13.4.2) sha256=cb825b2bd5f1f8e91ca37bddb4b9aaf345551b4731da62949be002fa89283701
  rspec (3.13.2) sha256=206284a08ad798e61f86d7ca3e376718d52c0bc944626b2349266f239f820587
  rspec-core (3.13.6) sha256=a8823c6411667b60a8bca135364351dda34cd55e44ff94c4be4633b37d828b2d
  rspec-expectations (3.13.5) sha256=33a4d3a1d95060aea4c94e9f237030a8f9eae5615e9bd85718fe3a09e4b58836
  rspec-mocks (3.13.8) sha256=086ad3d3d17533f4237643de0b5c42f04b66348c28bf6b9c2d3f4a3b01af1d47
  rspec-support (3.13.7) sha256=0640e5570872aafefd79867901deeeeb40b0c9875a36b983d85f54fb7381c47c
  sequel (5.109.0) sha256=e0d1d474442d620c8497d7f4851c0cc3a277920519051b8014b2877aa55efffe
  sinatra (4.2.1) sha256=b7aeb9b11d046b552972ade834f1f9be98b185fa8444480688e3627625377080
  sinatra-contrib (4.2.1) sha256=10d091c944d268aa910c618ea40a3c3ebe0533e6e32990d84af92235a3d26b4a
  tilt (2.9.0) sha256=da5735d0280bba96e9a91041bb14aee435ccad5c17b0fa519249ae543d9aa3a5

RUBY VERSION
  ruby 3.2.4

BUNDLED WITH
  4.0.7
